<?xml version="1.0" encoding="utf-8"?>
<Project ToolsVersion="4.0" xmlns="http://schemas.microsoft.com/developer/msbuild/2003">
  <ItemGroup>
    <Filter Include="Source Files">
      <UniqueIdentifier>{4FC737F1-C7A5-4376-A066-2A32D752A2FF}</UniqueIdentifier>
      <Extensions>cpp;c;cc;cxx;def;odl;idl;hpj;bat;asm;asmx</Extensions>
    </Filter>
    <Filter Include="Header Files">
      <UniqueIdentifier>{93995380-89BD-4b04-88EB-625FBE52EBFB}</UniqueIdentifier>
      <Extensions>h;hh;hpp;hxx;hm;inl;inc;xsd</Extensions>
    </Filter>
    <Filter Include="Resource Files">
      <UniqueIdentifier>{D9D6E242-F8AF-46E4-B9FD-80ECBC20BA3E}</UniqueIdentifier>
      <Extensions>qrc;*</Extensions>
      <ParseFiles>false</ParseFiles>
    </Filter>
    <Filter Include="Form Files">
      <UniqueIdentifier>{99349809-55BA-4b9d-BF79-8FDBB0286EB3}</UniqueIdentifier>
      <Extensions>ui</Extensions>
    </Filter>
    <Filter Include="Resource Files">
      <UniqueIdentifier>{D9D6E242-F8AF-46E4-B9FD-80ECBC20BA3E}</UniqueIdentifier>
      <Extensions>qrc;*</Extensions>
      <ParseFiles>false</ParseFiles>
    </Filter>
    <Filter Include="Generated Files">
      <UniqueIdentifier>{71ED8ED8-ACB9-4CE9-BBE1-E00B30144E11}</UniqueIdentifier>
      <Extensions>moc;h;cpp</Extensions>
      <SourceControlFiles>False</SourceControlFiles>
    </Filter>
    <Filter Include="Generated Files\Debug">
      <UniqueIdentifier>{c903638d-5492-4639-9f09-be7a794b297e}</UniqueIdentifier>
      <Extensions>cpp;moc</Extensions>
      <SourceControlFiles>False</SourceControlFiles>
    </Filter>
    <Filter Include="Generated Files\Release">
      <UniqueIdentifier>{73c68021-1526-47f1-9d02-eec106a49148}</UniqueIdentifier>
      <Extensions>cpp;moc</Extensions>
      <SourceControlFiles>False</SourceControlFiles>
    </Filter>
    <Filter Include="Header Files\OpenGLHosts">
      <UniqueIdentifier>{54c8778d-90e5-4020-ba85-ea474d6cb025}</UniqueIdentifier>
    </Filter>
    <Filter Include="Source Files\OpenGLHosts">
      <UniqueIdentifier>{1c10bf5b-8e47-4f74-b381-cfbbd5e08a42}</UniqueIdentifier>
    </Filter>
    <Filter Include="Header Files\PathElements">
      <UniqueIdentifier>{b227a7f4-5992-481d-80c1-f8b561511c8a}</UniqueIdentifier>
    </Filter>
    <Filter Include="Source Files\PathElements">
      <UniqueIdentifier>{634c2946-8cdd-453f-a436-9b5467556879}</UniqueIdentifier>
    </Filter>
    <Filter Include="Header Files\MapElements">
      <UniqueIdentifier>{41a55405-1d75-404b-9fc9-c606fe160b5b}</UniqueIdentifier>
    </Filter>
    <Filter Include="Source Files\MapElements">
      <UniqueIdentifier>{f5bc0bb7-0779-4e6c-9414-3fa1ffa74fba}</UniqueIdentifier>
    </Filter>
  </ItemGroup>
  <ItemGroup>
    <ClCompile Include="main.cpp">
      <Filter>Source Files</Filter>
    </ClCompile>
    <ClCompile Include="ParkingSimulator.cpp">
      <Filter>Source Files</Filter>
    </ClCompile>
    <ClCompile Include="GeneratedFiles\Debug\moc_ParkingSimulator.cpp">
      <Filter>Generated Files\Debug</Filter>
    </ClCompile>
    <ClCompile Include="GeneratedFiles\Release\moc_ParkingSimulator.cpp">
      <Filter>Generated Files\Release</Filter>
    </ClCompile>
    <ClCompile Include="GeneratedFiles\qrc_ParkingSimulator.cpp">
      <Filter>Generated Files</Filter>
    </ClCompile>
    <ClCompile Include="MapEditorGLHost.cpp">
      <Filter>Source Files\OpenGLHosts</Filter>
    </ClCompile>
    <ClCompile Include="PathPlannerGLHost.cpp">
      <Filter>Source Files\OpenGLHosts</Filter>
    </ClCompile>
    <ClCompile Include="OpenGLHost.cpp">
      <Filter>Source Files\OpenGLHosts</Filter>
    </ClCompile>
    <ClCompile Include="GeneratedFiles\Debug\moc_OpenGLHost.cpp">
      <Filter>Generated Files\Debug</Filter>
    </ClCompile>
    <ClCompile Include="GeneratedFiles\Release\moc_OpenGLHost.cpp">
      <Filter>Generated Files\Release</Filter>
    </ClCompile>
    <ClCompile Include="GeneratedFiles\Debug\moc_PathPlannerGLHost.cpp">
      <Filter>Generated Files\Debug</Filter>
    </ClCompile>
    <ClCompile Include="GeneratedFiles\Release\moc_PathPlannerGLHost.cpp">
      <Filter>Generated Files\Release</Filter>
    </ClCompile>
    <ClCompile Include="VisualisationGLHost.cpp">
      <Filter>Source Files\OpenGLHosts</Filter>
    </ClCompile>
    <ClCompile Include="PathPlanner.cpp">
      <Filter>Source Files</Filter>
    </ClCompile>
    <ClCompile Include="Map.cpp">
      <Filter>Source Files</Filter>
    </ClCompile>
    <ClCompile Include="Vehicle.cpp">
      <Filter>Source Files</Filter>
    </ClCompile>
    <ClCompile Include="Path.cpp">
      <Filter>Source Files</Filter>
    </ClCompile>
    <ClCompile Include="GeometryHelper.cpp">
      <Filter>Source Files</Filter>
    </ClCompile>
    <ClCompile Include="Arc.cpp">
      <Filter>Source Files\PathElements</Filter>
    </ClCompile>
    <ClCompile Include="BSpline.cpp">
      <Filter>Source Files\PathElements</Filter>
    </ClCompile>
    <ClCompile Include="Line.cpp">
      <Filter>Source Files\PathElements</Filter>
    </ClCompile>
    <ClCompile Include="PathElement.cpp">
      <Filter>Source Files\PathElements</Filter>
    </ClCompile>
    <ClCompile Include="Point.cpp">
      <Filter>Source Files\PathElements</Filter>
    </ClCompile>
    <ClCompile Include="MapElement.cpp">
      <Filter>Source Files\MapElements</Filter>
    </ClCompile>
    <ClCompile Include="ParkingSpace.cpp">
      <Filter>Source Files\MapElements</Filter>
    </ClCompile>
    <ClCompile Include="Obstacle.cpp">
      <Filter>Source Files\MapElements</Filter>
    </ClCompile>
    <ClCompile Include="MapEditor.cpp">
      <Filter>Source Files</Filter>
    </ClCompile>
    <ClCompile Include="GeneratedFiles\Debug\moc_CreateMap.cpp">
      <Filter>Generated Files\Debug</Filter>
    </ClCompile>
    <ClCompile Include="GeneratedFiles\Release\moc_CreateMap.cpp">
      <Filter>Generated Files\Release</Filter>
    </ClCompile>
    <ClCompile Include="CreateMap.cpp">
      <Filter>Source Files</Filter>
    </ClCompile>
    <ClCompile Include="GeneratedFiles\Debug\moc_MapEditorGLHost.cpp">
      <Filter>Generated Files\Debug</Filter>
    </ClCompile>
    <ClCompile Include="GeneratedFiles\Release\moc_MapEditorGLHost.cpp">
      <Filter>Generated Files\Release</Filter>
    </ClCompile>
    <ClCompile Include="GeneratedFiles\Debug\moc_AddBuilding.cpp">
      <Filter>Generated Files\Debug</Filter>
    </ClCompile>
    <ClCompile Include="GeneratedFiles\Release\moc_AddBuilding.cpp">
      <Filter>Generated Files\Release</Filter>
    </ClCompile>
    <ClCompile Include="AddBuilding.cpp">
      <Filter>Source Files</Filter>
    </ClCompile>
    <ClCompile Include="Graph.cpp">
      <Filter>Source Files</Filter>
    </ClCompile>
  </ItemGroup>
  <ItemGroup>
    <CustomBuild Include="ParkingSimulator.h">
      <Filter>Header Files</Filter>
    </CustomBuild>
    <CustomBuild Include="ParkingSimulator.ui">
      <Filter>Form Files</Filter>
    </CustomBuild>
    <CustomBuild Include="ParkingSimulator.qrc">
      <Filter>Resource Files</Filter>
    </CustomBuild>
    <CustomBuild Include="OpenGLHost.h">
      <Filter>Header Files\OpenGLHosts</Filter>
    </CustomBuild>
    <CustomBuild Include="PathPlannerGLHost.h">
      <Filter>Header Files\OpenGLHosts</Filter>
    </CustomBuild>
    <CustomBuild Include="CreateMap.h">
      <Filter>Header Files</Filter>
    </CustomBuild>
    <CustomBuild Include="CreateMap.ui">
      <Filter>Form Files</Filter>
    </CustomBuild>
    <CustomBuild Include="MapEditorGLHost.h">
      <Filter>Header Files\OpenGLHosts</Filter>
    </CustomBuild>
    <CustomBuild Include="AddBuilding.h">
      <Filter>Header Files</Filter>
    </CustomBuild>
    <CustomBuild Include="AddBuilding.ui">
      <Filter>Form Files</Filter>
    </CustomBuild>
  </ItemGroup>
  <ItemGroup>
    <ClInclude Include="GeneratedFiles\ui_ParkingSimulator.h">
      <Filter>Generated Files</Filter>
    </ClInclude>
    <ClInclude Include="VisualisationGLHost.h">
      <Filter>Header Files\OpenGLHosts</Filter>
    </ClInclude>
    <ClInclude Include="PathPlanner.h">
      <Filter>Header Files</Filter>
    </ClInclude>
    <ClInclude Include="Map.h">
      <Filter>Header Files</Filter>
    </ClInclude>
    <ClInclude Include="Vehicle.h">
      <Filter>Header Files</Filter>
    </ClInclude>
    <ClInclude Include="Path.h">
      <Filter>Header Files</Filter>
    </ClInclude>
    <ClInclude Include="GeometryHelper.h">
      <Filter>Header Files</Filter>
    </ClInclude>
    <ClInclude Include="Arc.h">
      <Filter>Header Files\PathElements</Filter>
    </ClInclude>
    <ClInclude Include="BSpline.h">
      <Filter>Header Files\PathElements</Filter>
    </ClInclude>
    <ClInclude Include="Line.h">
      <Filter>Header Files\PathElements</Filter>
    </ClInclude>
    <ClInclude Include="PathElement.h">
      <Filter>Header Files\PathElements</Filter>
    </ClInclude>
    <ClInclude Include="Point.h">
      <Filter>Header Files\PathElements</Filter>
    </ClInclude>
    <ClInclude Include="MapElement.h">
      <Filter>Header Files\MapElements</Filter>
    </ClInclude>
    <ClInclude Include="ParkingSpace.h">
      <Filter>Header Files\MapElements</Filter>
    </ClInclude>
    <ClInclude Include="Obstacle.h">
      <Filter>Header Files\MapElements</Filter>
    </ClInclude>
    <ClInclude Include="MapEditor.h">
      <Filter>Header Files</Filter>
    </ClInclude>
    <ClInclude Include="GeneratedFiles\ui_CreateMap.h">
      <Filter>Generated Files</Filter>
    </ClInclude>
    <ClInclude Include="GeneratedFiles\ui_AddBuilding.h">
      <Filter>Generated Files</Filter>
    </ClInclude>
    <ClInclude Include="Graph.h">
      <Filter>Header Files</Filter>
    </ClInclude>
  </ItemGroup>
  <ItemGroup>
    <ResourceCompile Include="ParkingSimulator.rc" />
  </ItemGroup>
</Project>