<?xml version="1.0" encoding="utf-8"?>
<Project ToolsVersion="4.0" xmlns="http://schemas.microsoft.com/developer/msbuild/2003">
  <ItemGroup>
    <Filter Include="Source Files">
      <UniqueIdentifier>{4FC737F1-C7A5-4376-A066-2A32D752A2FF}</UniqueIdentifier>
      <Extensions>cpp;c;cc;cxx;def;odl;idl;hpj;bat;asm;asmx</Extensions>
    </Filter>
    <Filter Include="Header Files">
      <UniqueIdentifier>{93995380-89BD-4b04-88EB-625FBE52EBFB}</UniqueIdentifier>
      <Extensions>h;hh;hpp;hxx;hm;inl;inc;xsd</Extensions>
    </Filter>
    <Filter Include="Resource Files">
      <UniqueIdentifier>{D9D6E242-F8AF-46E4-B9FD-80ECBC20BA3E}</UniqueIdentifier>
      <Extensions>qrc;*</Extensions>
      <ParseFiles>false</ParseFiles>
    </Filter>
    <Filter Include="Form Files">
      <UniqueIdentifier>{99349809-55BA-4b9d-BF79-8FDBB0286EB3}</UniqueIdentifier>
      <Extensions>ui</Extensions>
    </Filter>
    <Filter Include="Resource Files">
      <UniqueIdentifier>{D9D6E242-F8AF-46E4-B9FD-80ECBC20BA3E}</UniqueIdentifier>
      <Extensions>qrc;*</Extensions>
      <ParseFiles>false</ParseFiles>
    </Filter>
    <Filter Include="Generated Files">
      <UniqueIdentifier>{71ED8ED8-ACB9-4CE9-BBE1-E00B30144E11}</UniqueIdentifier>
      <Extensions>moc;h;cpp</Extensions>
      <SourceControlFiles>False</SourceControlFiles>
    </Filter>
    <Filter Include="Generated Files\Debug">
      <UniqueIdentifier>{c903638d-5492-4639-9f09-be7a794b297e}</UniqueIdentifier>
      <Extensions>cpp;moc</Extensions>
      <SourceControlFiles>False</SourceControlFiles>
    </Filter>
    <Filter Include="Generated Files\Release">
      <UniqueIdentifier>{73c68021-1526-47f1-9d02-eec106a49148}</UniqueIdentifier>
      <Extensions>cpp;moc</Extensions>
      <SourceControlFiles>False</SourceControlFiles>
    </Filter>
    <Filter Include="Header Files\OpenGLHosts">
      <UniqueIdentifier>{54c8778d-90e5-4020-ba85-ea474d6cb025}</UniqueIdentifier>
    </Filter>
    <Filter Include="Source Files\OpenGLHosts">
      <UniqueIdentifier>{1c10bf5b-8e47-4f74-b381-cfbbd5e08a42}</UniqueIdentifier>
    </Filter>
    <Filter Include="Header Files\PathElements">
      <UniqueIdentifier>{b227a7f4-5992-481d-80c1-f8b561511c8a}</UniqueIdentifier>
    </Filter>
    <Filter Include="Source Files\PathElements">
      <UniqueIdentifier>{634c2946-8cdd-453f-a436-9b5467556879}</UniqueIdentifier>
    </Filter>
    <Filter Include="Header Files\MapElements">
      <UniqueIdentifier>{41a55405-1d75-404b-9fc9-c606fe160b5b}</UniqueIdentifier>
    </Filter>
    <Filter Include="Source Files\MapElements">
      <UniqueIdentifier>{f5bc0bb7-0779-4e6c-9414-3fa1ffa74fba}</UniqueIdentifier>
    </Filter>
    <Filter Include="Source Files\Helpers">
      <UniqueIdentifier>{0912ce52-244e-4d79-8f32-1fdb67128dc9}</UniqueIdentifier>
    </Filter>
    <Filter Include="Header Files\Helpers">
      <UniqueIdentifier>{a1f3bc4f-f686-4f0a-9999-aaea54ded741}</UniqueIdentifier>
    </Filter>
    <Filter Include="Header Files\Windows">
      <UniqueIdentifier>{5e1da223-6988-4026-a4e8-cafbca8a937f}</UniqueIdentifier>
    </Filter>
    <Filter Include="Source Files\Windows">
      <UniqueIdentifier>{f0f82aab-8ba2-4439-bb54-8bda0737a812}</UniqueIdentifier>
    </Filter>
    <Filter Include="Source Files\OpenGLFramework">
      <UniqueIdentifier>{c074b175-e149-4429-9d96-7b59937bbafb}</UniqueIdentifier>
    </Filter>
    <Filter Include="Header Files\OpenGLFramework">
      <UniqueIdentifier>{99da0b8d-394f-4802-b4fe-9400b19c44f7}</UniqueIdentifier>
    </Filter>
  </ItemGroup>
  <ItemGroup>
    <ClCompile Include="main.cpp">
      <Filter>Source Files</Filter>
    </ClCompile>
    <ClCompile Include="GeneratedFiles\Debug\moc_ParkingSimulator.cpp">
      <Filter>Generated Files\Debug</Filter>
    </ClCompile>
    <ClCompile Include="GeneratedFiles\Release\moc_ParkingSimulator.cpp">
      <Filter>Generated Files\Release</Filter>
    </ClCompile>
    <ClCompile Include="GeneratedFiles\qrc_ParkingSimulator.cpp">
      <Filter>Generated Files</Filter>
    </ClCompile>
    <ClCompile Include="MapEditorGLHost.cpp">
      <Filter>Source Files\OpenGLHosts</Filter>
    </ClCompile>
    <ClCompile Include="PathPlannerGLHost.cpp">
      <Filter>Source Files\OpenGLHosts</Filter>
    </ClCompile>
    <ClCompile Include="OpenGLHost.cpp">
      <Filter>Source Files\OpenGLHosts</Filter>
    </ClCompile>
    <ClCompile Include="GeneratedFiles\Debug\moc_OpenGLHost.cpp">
      <Filter>Generated Files\Debug</Filter>
    </ClCompile>
    <ClCompile Include="GeneratedFiles\Release\moc_OpenGLHost.cpp">
      <Filter>Generated Files\Release</Filter>
    </ClCompile>
    <ClCompile Include="GeneratedFiles\Debug\moc_PathPlannerGLHost.cpp">
      <Filter>Generated Files\Debug</Filter>
    </ClCompile>
    <ClCompile Include="GeneratedFiles\Release\moc_PathPlannerGLHost.cpp">
      <Filter>Generated Files\Release</Filter>
    </ClCompile>
    <ClCompile Include="VisualisationGLHost.cpp">
      <Filter>Source Files\OpenGLHosts</Filter>
    </ClCompile>
    <ClCompile Include="PathPlanner.cpp">
      <Filter>Source Files</Filter>
    </ClCompile>
    <ClCompile Include="Map.cpp">
      <Filter>Source Files</Filter>
    </ClCompile>
    <ClCompile Include="Vehicle.cpp">
      <Filter>Source Files</Filter>
    </ClCompile>
    <ClCompile Include="Path.cpp">
      <Filter>Source Files</Filter>
    </ClCompile>
    <ClCompile Include="Arc.cpp">
      <Filter>Source Files\PathElements</Filter>
    </ClCompile>
    <ClCompile Include="BSpline.cpp">
      <Filter>Source Files\PathElements</Filter>
    </ClCompile>
    <ClCompile Include="Line.cpp">
      <Filter>Source Files\PathElements</Filter>
    </ClCompile>
    <ClCompile Include="PathElement.cpp">
      <Filter>Source Files\PathElements</Filter>
    </ClCompile>
    <ClCompile Include="MapElement.cpp">
      <Filter>Source Files\MapElements</Filter>
    </ClCompile>
    <ClCompile Include="ParkingSpace.cpp">
      <Filter>Source Files\MapElements</Filter>
    </ClCompile>
    <ClCompile Include="Obstacle.cpp">
      <Filter>Source Files\MapElements</Filter>
    </ClCompile>
    <ClCompile Include="MapEditor.cpp">
      <Filter>Source Files</Filter>
    </ClCompile>
    <ClCompile Include="GeneratedFiles\Debug\moc_CreateMap.cpp">
      <Filter>Generated Files\Debug</Filter>
    </ClCompile>
    <ClCompile Include="GeneratedFiles\Release\moc_CreateMap.cpp">
      <Filter>Generated Files\Release</Filter>
    </ClCompile>
    <ClCompile Include="GeneratedFiles\Debug\moc_MapEditorGLHost.cpp">
      <Filter>Generated Files\Debug</Filter>
    </ClCompile>
    <ClCompile Include="GeneratedFiles\Release\moc_MapEditorGLHost.cpp">
      <Filter>Generated Files\Release</Filter>
    </ClCompile>
    <ClCompile Include="Graph.cpp">
      <Filter>Source Files</Filter>
    </ClCompile>
    <ClCompile Include="GeneratedFiles\Debug\moc_VisualisationGLHost.cpp">
      <Filter>Generated Files\Debug</Filter>
    </ClCompile>
    <ClCompile Include="GeneratedFiles\Release\moc_VisualisationGLHost.cpp">
      <Filter>Generated Files\Release</Filter>
    </ClCompile>
    <ClCompile Include="Visualisation.cpp">
      <Filter>Source Files</Filter>
    </ClCompile>
    <ClCompile Include="Simulation.cpp">
      <Filter>Source Files</Filter>
    </ClCompile>
    <ClCompile Include="GeometryHelper.cpp">
      <Filter>Source Files\Helpers</Filter>
    </ClCompile>
    <ClCompile Include="NvgDrawHelper.cpp">
      <Filter>Source Files\Helpers</Filter>
    </ClCompile>
    <ClCompile Include="CreateMap.cpp">
      <Filter>Source Files\Windows</Filter>
    </ClCompile>
    <ClCompile Include="ParkingSimulator.cpp">
      <Filter>Source Files\Windows</Filter>
    </ClCompile>
    <ClCompile Include="GeneratedFiles\Debug\moc_WarningErrorMsg.cpp">
      <Filter>Generated Files\Debug</Filter>
    </ClCompile>
    <ClCompile Include="GeneratedFiles\Release\moc_WarningErrorMsg.cpp">
      <Filter>Generated Files\Release</Filter>
    </ClCompile>
    <ClCompile Include="WarningErrorMsg.cpp">
      <Filter>Source Files\Windows</Filter>
    </ClCompile>
    <ClCompile Include="GeneratedFiles\Debug\moc_AddMapElement.cpp">
      <Filter>Generated Files\Debug</Filter>
    </ClCompile>
    <ClCompile Include="GeneratedFiles\Release\moc_AddMapElement.cpp">
      <Filter>Generated Files\Release</Filter>
    </ClCompile>
    <ClCompile Include="AddMapElement.cpp">
      <Filter>Source Files\Windows</Filter>
    </ClCompile>
    <ClCompile Include="Settings.cpp">
      <Filter>Source Files</Filter>
    </ClCompile>
    <ClCompile Include="GeneratedFiles\Debug\moc_SimulationInfo.cpp">
      <Filter>Generated Files\Debug</Filter>
    </ClCompile>
    <ClCompile Include="GeneratedFiles\Release\moc_SimulationInfo.cpp">
      <Filter>Generated Files\Release</Filter>
    </ClCompile>
    <ClCompile Include="SimulationInfo.cpp">
      <Filter>Source Files\Windows</Filter>
    </ClCompile>
    <ClCompile Include="GeneratedFiles\Debug\moc_SelectVehicle.cpp">
      <Filter>Generated Files\Debug</Filter>
    </ClCompile>
    <ClCompile Include="GeneratedFiles\Release\moc_SelectVehicle.cpp">
      <Filter>Generated Files\Release</Filter>
    </ClCompile>
    <ClCompile Include="SelectVehicle.cpp">
      <Filter>Source Files\Windows</Filter>
    </ClCompile>
    <ClCompile Include="GeneratedFiles\Debug\moc_SelectMap.cpp">
      <Filter>Generated Files\Debug</Filter>
    </ClCompile>
    <ClCompile Include="GeneratedFiles\Release\moc_SelectMap.cpp">
      <Filter>Generated Files\Release</Filter>
    </ClCompile>
    <ClCompile Include="SelectMap.cpp">
      <Filter>Source Files\Windows</Filter>
    </ClCompile>
    <ClCompile Include="GeneratedFiles\Debug\moc_FindPath.cpp">
      <Filter>Generated Files\Debug</Filter>
    </ClCompile>
    <ClCompile Include="GeneratedFiles\Release\moc_FindPath.cpp">
      <Filter>Generated Files\Release</Filter>
    </ClCompile>
    <ClCompile Include="FindPath.cpp">
      <Filter>Source Files\Windows</Filter>
    </ClCompile>
    <ClCompile Include="BezierCurve.cpp">
      <Filter>Source Files\PathElements</Filter>
    </ClCompile>
    <ClCompile Include="GeneratedFiles\Debug\moc_AddSimulation.cpp">
      <Filter>Generated Files\Debug</Filter>
    </ClCompile>
    <ClCompile Include="GeneratedFiles\Release\moc_AddSimulation.cpp">
      <Filter>Generated Files\Release</Filter>
    </ClCompile>
    <ClCompile Include="AddSimulation.cpp">
      <Filter>Source Files\Windows</Filter>
    </ClCompile>
    <ClCompile Include="GeneratedFiles\Debug\moc_OpenGLHost3D.cpp">
      <Filter>Generated Files\Debug</Filter>
    </ClCompile>
    <ClCompile Include="GeneratedFiles\Release\moc_OpenGLHost3D.cpp">
      <Filter>Generated Files\Release</Filter>
    </ClCompile>
    <ClCompile Include="Camera.cpp">
      <Filter>Source Files\OpenGLFramework</Filter>
    </ClCompile>
    <ClCompile Include="Shader.cpp">
      <Filter>Source Files\OpenGLFramework</Filter>
    </ClCompile>
    <ClCompile Include="Mesh.cpp">
      <Filter>Source Files\OpenGLFramework</Filter>
    </ClCompile>
    <ClCompile Include="Model.cpp">
      <Filter>Source Files\OpenGLFramework</Filter>
    </ClCompile>
    <ClCompile Include="OpenGLHost3D.cpp">
      <Filter>Source Files\OpenGLHosts</Filter>
    </ClCompile>
    <ClCompile Include="Terrain.cpp">
      <Filter>Source Files\MapElements</Filter>
    </ClCompile>
    <ClCompile Include="Language.cpp">
      <Filter>Source Files</Filter>
    </ClCompile>
    <ClCompile Include="ColorContainer.cpp">
      <Filter>Source Files</Filter>
    </ClCompile>
    <ClCompile Include="GeneratedFiles\Debug\moc_ColorContainer.cpp">
      <Filter>Generated Files\Debug</Filter>
    </ClCompile>
    <ClCompile Include="GeneratedFiles\Release\moc_ColorContainer.cpp">
      <Filter>Generated Files\Release</Filter>
    </ClCompile>
    <ClCompile Include="CommonHelper.cpp">
      <Filter>Source Files\Helpers</Filter>
    </ClCompile>
  </ItemGroup>
  <ItemGroup>
    <CustomBuild Include="ParkingSimulator.ui">
      <Filter>Form Files</Filter>
    </CustomBuild>
    <CustomBuild Include="ParkingSimulator.qrc">
      <Filter>Resource Files</Filter>
    </CustomBuild>
    <CustomBuild Include="OpenGLHost.h">
      <Filter>Header Files\OpenGLHosts</Filter>
    </CustomBuild>
    <CustomBuild Include="PathPlannerGLHost.h">
      <Filter>Header Files\OpenGLHosts</Filter>
    </CustomBuild>
    <CustomBuild Include="CreateMap.ui">
      <Filter>Form Files</Filter>
    </CustomBuild>
    <CustomBuild Include="MapEditorGLHost.h">
      <Filter>Header Files\OpenGLHosts</Filter>
    </CustomBuild>
    <CustomBuild Include="VisualisationGLHost.h">
      <Filter>Header Files\OpenGLHosts</Filter>
    </CustomBuild>
    <CustomBuild Include="CreateMap.h">
      <Filter>Header Files\Windows</Filter>
    </CustomBuild>
    <CustomBuild Include="ParkingSimulator.h">
      <Filter>Header Files\Windows</Filter>
    </CustomBuild>
    <CustomBuild Include="WarningErrorMsg.ui">
      <Filter>Form Files</Filter>
    </CustomBuild>
    <CustomBuild Include="WarningErrorMsg.h">
      <Filter>Header Files\Windows</Filter>
    </CustomBuild>
    <CustomBuild Include="AddMapElement.ui">
      <Filter>Form Files</Filter>
    </CustomBuild>
    <CustomBuild Include="AddMapElement.h">
      <Filter>Header Files\Windows</Filter>
    </CustomBuild>
    <CustomBuild Include="SimulationInfo.ui">
      <Filter>Form Files</Filter>
    </CustomBuild>
    <CustomBuild Include="SimulationInfo.h">
      <Filter>Header Files\Windows</Filter>
    </CustomBuild>
    <CustomBuild Include="SelectVehicle.ui">
      <Filter>Form Files</Filter>
    </CustomBuild>
    <CustomBuild Include="SelectVehicle.h">
      <Filter>Header Files\Windows</Filter>
    </CustomBuild>
    <CustomBuild Include="SelectMap.ui">
      <Filter>Form Files</Filter>
    </CustomBuild>
    <CustomBuild Include="SelectMap.h">
      <Filter>Header Files\Windows</Filter>
    </CustomBuild>
    <CustomBuild Include="FindPath.ui">
      <Filter>Form Files</Filter>
    </CustomBuild>
    <CustomBuild Include="FindPath.h">
      <Filter>Header Files\Windows</Filter>
    </CustomBuild>
    <CustomBuild Include="AddSimulation.ui">
      <Filter>Form Files</Filter>
    </CustomBuild>
    <CustomBuild Include="AddSimulation.h">
      <Filter>Header Files\Windows</Filter>
    </CustomBuild>
    <CustomBuild Include="OpenGLHost3D.h">
      <Filter>Header Files\OpenGLHosts</Filter>
    </CustomBuild>
    <CustomBuild Include="ColorContainer.h">
      <Filter>Header Files</Filter>
    </CustomBuild>
  </ItemGroup>
  <ItemGroup>
    <ClInclude Include="GeneratedFiles\ui_ParkingSimulator.h">
      <Filter>Generated Files</Filter>
    </ClInclude>
    <ClInclude Include="PathPlanner.h">
      <Filter>Header Files</Filter>
    </ClInclude>
    <ClInclude Include="Map.h">
      <Filter>Header Files</Filter>
    </ClInclude>
    <ClInclude Include="Vehicle.h">
      <Filter>Header Files</Filter>
    </ClInclude>
    <ClInclude Include="Path.h">
      <Filter>Header Files</Filter>
    </ClInclude>
    <ClInclude Include="Arc.h">
      <Filter>Header Files\PathElements</Filter>
    </ClInclude>
    <ClInclude Include="BSpline.h">
      <Filter>Header Files\PathElements</Filter>
    </ClInclude>
    <ClInclude Include="Line.h">
      <Filter>Header Files\PathElements</Filter>
    </ClInclude>
    <ClInclude Include="PathElement.h">
      <Filter>Header Files\PathElements</Filter>
    </ClInclude>
    <ClInclude Include="MapElement.h">
      <Filter>Header Files\MapElements</Filter>
    </ClInclude>
    <ClInclude Include="ParkingSpace.h">
      <Filter>Header Files\MapElements</Filter>
    </ClInclude>
    <ClInclude Include="Obstacle.h">
      <Filter>Header Files\MapElements</Filter>
    </ClInclude>
    <ClInclude Include="MapEditor.h">
      <Filter>Header Files</Filter>
    </ClInclude>
    <ClInclude Include="GeneratedFiles\ui_CreateMap.h">
      <Filter>Generated Files</Filter>
    </ClInclude>
    <ClInclude Include="Graph.h">
      <Filter>Header Files</Filter>
    </ClInclude>
    <ClInclude Include="Visualisation.h">
      <Filter>Header Files</Filter>
    </ClInclude>
    <ClInclude Include="Simulation.h">
      <Filter>Header Files</Filter>
    </ClInclude>
    <ClInclude Include="GeometryHelper.h">
      <Filter>Header Files\Helpers</Filter>
    </ClInclude>
    <ClInclude Include="NvgDrawHelper.h">
      <Filter>Header Files\Helpers</Filter>
    </ClInclude>
    <ClInclude Include="GeneratedFiles\ui_WarningErrorMsg.h">
      <Filter>Generated Files</Filter>
    </ClInclude>
    <ClInclude Include="GeneratedFiles\ui_AddMapElement.h">
      <Filter>Generated Files</Filter>
    </ClInclude>
    <ClInclude Include="Settings.h">
      <Filter>Header Files</Filter>
    </ClInclude>
    <ClInclude Include="GeneratedFiles\ui_SimulationInfo.h">
      <Filter>Generated Files</Filter>
    </ClInclude>
    <ClInclude Include="GeneratedFiles\ui_SelectVehicle.h">
      <Filter>Generated Files</Filter>
    </ClInclude>
    <ClInclude Include="GeneratedFiles\ui_SelectMap.h">
      <Filter>Generated Files</Filter>
    </ClInclude>
    <ClInclude Include="GeneratedFiles\ui_FindPath.h">
      <Filter>Generated Files</Filter>
    </ClInclude>
    <ClInclude Include="BezierCurve.h">
      <Filter>Header Files\PathElements</Filter>
    </ClInclude>
    <ClInclude Include="GeneratedFiles\ui_AddSimulation.h">
      <Filter>Generated Files</Filter>
    </ClInclude>
    <ClInclude Include="Camera.h">
      <Filter>Header Files\OpenGLFramework</Filter>
    </ClInclude>
    <ClInclude Include="Mesh.h">
      <Filter>Header Files\OpenGLFramework</Filter>
    </ClInclude>
    <ClInclude Include="Model.h">
      <Filter>Header Files\OpenGLFramework</Filter>
    </ClInclude>
    <ClInclude Include="Shader.h">
      <Filter>Header Files\OpenGLFramework</Filter>
    </ClInclude>
    <ClInclude Include="Terrain.h">
      <Filter>Header Files\MapElements</Filter>
    </ClInclude>
    <ClInclude Include="Language.h">
      <Filter>Header Files</Filter>
    </ClInclude>
    <ClInclude Include="CommonHelper.h">
      <Filter>Header Files\Helpers</Filter>
    </ClInclude>
  </ItemGroup>
  <ItemGroup>
    <ResourceCompile Include="ParkingSimulator.rc" />
  </ItemGroup>
  <ItemGroup>
    <None Include="Resources\shaders\phongFS.glsl">
      <Filter>Resource Files</Filter>
    </None>
    <None Include="Resources\shaders\phongVS.glsl">
      <Filter>Resource Files</Filter>
    </None>
    <None Include="Resources\shaders\textureFS.glsl">
      <Filter>Resource Files</Filter>
    </None>
    <None Include="Resources\shaders\textureVS.glsl">
      <Filter>Resource Files</Filter>
    </None>
  </ItemGroup>
</Project>